{
    "name": "my-vscode-theme",
    "version": "0.2.3",
    "lockfileVersion": 3,
    "requires": true,
    "packages": {
        "": {
            "name": "my-vscode-theme",
            "version": "0.2.3",
            "engines": {
                "vscode": "^1.18.0"
            }
        }
    }
}
